
Microsoft Visual Studio Solution File, Format Version 12.00
Project("{FAE04EC0-301F-11D3-BF4B-00C04F79EFBC}") = "serinar1", "serinar1\serinar1.csproj", "{DE83AC74-F238-4FD0-8BB0-73229C9CD125}"
EndProject
Global
	GlobalSection(SolutionConfigurationPlatforms) = preSolution
		Debug|Any CPU = Debug|Any CPU
		Release|Any CPU = Release|Any CPU
	EndGlobalSection
	GlobalSection(ProjectConfigurationPlatforms) = postSolution
		{DE83AC74-F238-4FD0-8BB0-73229C9CD125}.Debug|Any CPU.ActiveCfg = Debug|Any CPU
		{DE83AC74-F238-4FD0-8BB0-73229C9CD125}.Debug|Any CPU.Build.0 = Debug|Any CPU
		{DE83AC74-F238-4FD0-8BB0-73229C9CD125}.Release|Any CPU.ActiveCfg = Release|Any CPU
		{DE83AC74-F238-4FD0-8BB0-73229C9CD125}.Release|Any CPU.Build.0 = Release|Any CPU
	EndGlobalSection
EndGlobal
