
Microsoft Visual Studio Solution File, Format Version 12.00
# Visual Studio Version 17
VisualStudioVersion = 17.5.33627.172
MinimumVisualStudioVersion = 10.0.40219.1
Project("{FAE04EC0-301F-11D3-BF4B-00C04F79EFBC}") = "Lab2", "Lab2.csproj", "{C911565E-F42F-4631-87FE-8294116DD13D}"
EndProject
Global
	GlobalSection(SolutionConfigurationPlatforms) = preSolution
		Debug|Any CPU = Debug|Any CPU
		Release|Any CPU = Release|Any CPU
	EndGlobalSection
	GlobalSection(ProjectConfigurationPlatforms) = postSolution
		{C911565E-F42F-4631-87FE-8294116DD13D}.Debug|Any CPU.ActiveCfg = Debug|Any CPU
		{C911565E-F42F-4631-87FE-8294116DD13D}.Debug|Any CPU.Build.0 = Debug|Any CPU
		{C911565E-F42F-4631-87FE-8294116DD13D}.Release|Any CPU.ActiveCfg = Release|Any CPU
		{C911565E-F42F-4631-87FE-8294116DD13D}.Release|Any CPU.Build.0 = Release|Any CPU
	EndGlobalSection
	GlobalSection(SolutionProperties) = preSolution
		HideSolutionNode = FALSE
	EndGlobalSection
	GlobalSection(ExtensibilityGlobals) = postSolution
		SolutionGuid = {C6BD158B-3416-4A15-B2AC-AFA5BFC87637}
	EndGlobalSection
EndGlobal
