
Microsoft Visual Studio Solution File, Format Version 12.00
Project("{FAE04EC0-301F-11D3-BF4B-00C04F79EFBC}") = "AplicatieLab4", "AplicatieLab4.csproj", "{8D55FE6F-C724-4D64-B801-63CEF91A2000}"
EndProject
Global
	GlobalSection(SolutionConfigurationPlatforms) = preSolution
		Debug|Any CPU = Debug|Any CPU
		Release|Any CPU = Release|Any CPU
	EndGlobalSection
	GlobalSection(ProjectConfigurationPlatforms) = postSolution
		{8D55FE6F-C724-4D64-B801-63CEF91A2000}.Debug|Any CPU.ActiveCfg = Debug|Any CPU
		{8D55FE6F-C724-4D64-B801-63CEF91A2000}.Debug|Any CPU.Build.0 = Debug|Any CPU
		{8D55FE6F-C724-4D64-B801-63CEF91A2000}.Release|Any CPU.ActiveCfg = Release|Any CPU
		{8D55FE6F-C724-4D64-B801-63CEF91A2000}.Release|Any CPU.Build.0 = Release|Any CPU
	EndGlobalSection
EndGlobal
