
Microsoft Visual Studio Solution File, Format Version 12.00
Project("{FAE04EC0-301F-11D3-BF4B-00C04F79EFBC}") = "CustomActivity1", "CustomActivity1.csproj", "{9128E9E9-3CF9-449E-881C-1A1E24EE2D48}"
EndProject
Global
	GlobalSection(SolutionConfigurationPlatforms) = preSolution
		Debug|Any CPU = Debug|Any CPU
		Release|Any CPU = Release|Any CPU
	EndGlobalSection
	GlobalSection(ProjectConfigurationPlatforms) = postSolution
		{9128E9E9-3CF9-449E-881C-1A1E24EE2D48}.Debug|Any CPU.ActiveCfg = Debug|Any CPU
		{9128E9E9-3CF9-449E-881C-1A1E24EE2D48}.Debug|Any CPU.Build.0 = Debug|Any CPU
		{9128E9E9-3CF9-449E-881C-1A1E24EE2D48}.Release|Any CPU.ActiveCfg = Release|Any CPU
		{9128E9E9-3CF9-449E-881C-1A1E24EE2D48}.Release|Any CPU.Build.0 = Release|Any CPU
	EndGlobalSection
EndGlobal
