
Microsoft Visual Studio Solution File, Format Version 12.00
Project("{FAE04EC0-301F-11D3-BF4B-00C04F79EFBC}") = "seminar", "seminar.csproj", "{9EB43280-17E5-4F3E-B4DB-99AD60829006}"
EndProject
Global
	GlobalSection(SolutionConfigurationPlatforms) = preSolution
		Debug|Any CPU = Debug|Any CPU
		Release|Any CPU = Release|Any CPU
	EndGlobalSection
	GlobalSection(ProjectConfigurationPlatforms) = postSolution
		{9EB43280-17E5-4F3E-B4DB-99AD60829006}.Debug|Any CPU.ActiveCfg = Debug|Any CPU
		{9EB43280-17E5-4F3E-B4DB-99AD60829006}.Debug|Any CPU.Build.0 = Debug|Any CPU
		{9EB43280-17E5-4F3E-B4DB-99AD60829006}.Release|Any CPU.ActiveCfg = Release|Any CPU
		{9EB43280-17E5-4F3E-B4DB-99AD60829006}.Release|Any CPU.Build.0 = Release|Any CPU
	EndGlobalSection
EndGlobal
