
Microsoft Visual Studio Solution File, Format Version 12.00
Project("{FAE04EC0-301F-11D3-BF4B-00C04F79EFBC}") = "SGBD2Seminar", "SGBD2Seminar\SGBD2Seminar.csproj", "{877D75B6-D202-4992-86A3-0CEECE0CF522}"
EndProject
Global
	GlobalSection(SolutionConfigurationPlatforms) = preSolution
		Debug|Any CPU = Debug|Any CPU
		Release|Any CPU = Release|Any CPU
	EndGlobalSection
	GlobalSection(ProjectConfigurationPlatforms) = postSolution
		{877D75B6-D202-4992-86A3-0CEECE0CF522}.Debug|Any CPU.ActiveCfg = Debug|Any CPU
		{877D75B6-D202-4992-86A3-0CEECE0CF522}.Debug|Any CPU.Build.0 = Debug|Any CPU
		{877D75B6-D202-4992-86A3-0CEECE0CF522}.Release|Any CPU.ActiveCfg = Release|Any CPU
		{877D75B6-D202-4992-86A3-0CEECE0CF522}.Release|Any CPU.Build.0 = Release|Any CPU
	EndGlobalSection
EndGlobal
