
Microsoft Visual Studio Solution File, Format Version 12.00
# Visual Studio Version 17
VisualStudioVersion = 17.9.34616.47
MinimumVisualStudioVersion = 10.0.40219.1
Project("{FAE04EC0-301F-11D3-BF4B-00C04F79EFBC}") = "lab", "lab\lab.csproj", "{B92EDB35-7477-4562-995C-180ABB406FBC}"
EndProject
Global
	GlobalSection(SolutionConfigurationPlatforms) = preSolution
		Debug|Any CPU = Debug|Any CPU
		Release|Any CPU = Release|Any CPU
	EndGlobalSection
	GlobalSection(ProjectConfigurationPlatforms) = postSolution
		{B92EDB35-7477-4562-995C-180ABB406FBC}.Debug|Any CPU.ActiveCfg = Debug|Any CPU
		{B92EDB35-7477-4562-995C-180ABB406FBC}.Debug|Any CPU.Build.0 = Debug|Any CPU
		{B92EDB35-7477-4562-995C-180ABB406FBC}.Release|Any CPU.ActiveCfg = Release|Any CPU
		{B92EDB35-7477-4562-995C-180ABB406FBC}.Release|Any CPU.Build.0 = Release|Any CPU
	EndGlobalSection
	GlobalSection(SolutionProperties) = preSolution
		HideSolutionNode = FALSE
	EndGlobalSection
	GlobalSection(ExtensibilityGlobals) = postSolution
		SolutionGuid = {8B19DC1F-894B-43F6-9476-4F3895A75D1F}
	EndGlobalSection
EndGlobal
