
Microsoft Visual Studio Solution File, Format Version 12.00
Project("{FAE04EC0-301F-11D3-BF4B-00C04F79EFBC}") = "frameworkTest", "frameworkTest\frameworkTest.csproj", "{9FE238E9-8D21-4FFD-9A60-D38DCAD0A071}"
EndProject
Global
	GlobalSection(SolutionConfigurationPlatforms) = preSolution
		Debug|Any CPU = Debug|Any CPU
		Release|Any CPU = Release|Any CPU
	EndGlobalSection
	GlobalSection(ProjectConfigurationPlatforms) = postSolution
		{9FE238E9-8D21-4FFD-9A60-D38DCAD0A071}.Debug|Any CPU.ActiveCfg = Debug|Any CPU
		{9FE238E9-8D21-4FFD-9A60-D38DCAD0A071}.Debug|Any CPU.Build.0 = Debug|Any CPU
		{9FE238E9-8D21-4FFD-9A60-D38DCAD0A071}.Release|Any CPU.ActiveCfg = Release|Any CPU
		{9FE238E9-8D21-4FFD-9A60-D38DCAD0A071}.Release|Any CPU.Build.0 = Release|Any CPU
	EndGlobalSection
EndGlobal
