
Microsoft Visual Studio Solution File, Format Version 12.00
Project("{FAE04EC0-301F-11D3-BF4B-00C04F79EFBC}") = "lab1rulabil", "lab1rulabil.csproj", "{C99D4960-3AB9-40EF-B71F-4F988A26F34C}"
EndProject
Global
	GlobalSection(SolutionConfigurationPlatforms) = preSolution
		Debug|Any CPU = Debug|Any CPU
		Release|Any CPU = Release|Any CPU
	EndGlobalSection
	GlobalSection(ProjectConfigurationPlatforms) = postSolution
		{C99D4960-3AB9-40EF-B71F-4F988A26F34C}.Debug|Any CPU.ActiveCfg = Debug|Any CPU
		{C99D4960-3AB9-40EF-B71F-4F988A26F34C}.Debug|Any CPU.Build.0 = Debug|Any CPU
		{C99D4960-3AB9-40EF-B71F-4F988A26F34C}.Release|Any CPU.ActiveCfg = Release|Any CPU
		{C99D4960-3AB9-40EF-B71F-4F988A26F34C}.Release|Any CPU.Build.0 = Release|Any CPU
	EndGlobalSection
EndGlobal
